<?xml version="1.0" encoding="utf-8"?>
<Project ToolsVersion="4.0" xmlns="http://schemas.microsoft.com/developer/msbuild/2003">
  <ItemGroup>
    <Filter Include="소스 파일">
      <UniqueIdentifier>{4FC737F1-C7A5-4376-A066-2A32D752A2FF}</UniqueIdentifier>
      <Extensions>cpp;c;cc;cxx;def;odl;idl;hpj;bat;asm;asmx</Extensions>
    </Filter>
    <Filter Include="헤더 파일">
      <UniqueIdentifier>{93995380-89BD-4b04-88EB-625FBE52EBFB}</UniqueIdentifier>
      <Extensions>h;hh;hpp;hxx;hm;inl;inc;ipp;xsd</Extensions>
    </Filter>
    <Filter Include="리소스 파일">
      <UniqueIdentifier>{67DA6AB6-F800-4c08-8B7A-83BB121AAD01}</UniqueIdentifier>
      <Extensions>rc;ico;cur;bmp;dlg;rc2;rct;bin;rgs;gif;jpg;jpeg;jpe;resx;tiff;tif;png;wav;mfcribbon-ms</Extensions>
    </Filter>
    <Filter Include="Sample">
      <UniqueIdentifier>{fed69b30-dd41-4a7d-abd2-6bc4b12bca9a}</UniqueIdentifier>
    </Filter>
    <Filter Include="Pane">
      <UniqueIdentifier>{60c32f7d-8e4f-481c-a361-ee1e600f335b}</UniqueIdentifier>
    </Filter>
    <Filter Include="Form">
      <UniqueIdentifier>{640a106e-a8ae-4b68-894b-429b5087e465}</UniqueIdentifier>
    </Filter>
    <Filter Include="Default">
      <UniqueIdentifier>{18c46e34-4e8b-48f2-ac6f-fcf588f534d9}</UniqueIdentifier>
    </Filter>
  </ItemGroup>
  <ItemGroup>
    <ClInclude Include="huit.h">
      <Filter>헤더 파일</Filter>
    </ClInclude>
    <ClInclude Include="MainFrm.h">
      <Filter>헤더 파일</Filter>
    </ClInclude>
    <ClInclude Include="huitDoc.h">
      <Filter>헤더 파일</Filter>
    </ClInclude>
    <ClInclude Include="huitView.h">
      <Filter>헤더 파일</Filter>
    </ClInclude>
    <ClInclude Include="targetver.h">
      <Filter>Default</Filter>
    </ClInclude>
    <ClInclude Include="Resource.h">
      <Filter>Default</Filter>
    </ClInclude>
    <ClInclude Include="stdafx.h">
      <Filter>Default</Filter>
    </ClInclude>
    <ClInclude Include="Sample.h">
      <Filter>Sample</Filter>
    </ClInclude>
    <ClInclude Include="CreatePane.h">
      <Filter>Pane</Filter>
    </ClInclude>
    <ClInclude Include="CreateForm.h">
      <Filter>Form</Filter>
    </ClInclude>
    <ClInclude Include="InfoPane.h">
      <Filter>Pane</Filter>
    </ClInclude>
    <ClInclude Include="InfoForm.h">
      <Filter>Form</Filter>
    </ClInclude>
    <ClInclude Include="ParticlePane.h">
      <Filter>Pane</Filter>
    </ClInclude>
    <ClInclude Include="ParticleForm.h">
      <Filter>Form</Filter>
    </ClInclude>
    <ClInclude Include="HierarchyForm.h">
      <Filter>Form</Filter>
    </ClInclude>
    <ClInclude Include="HierarchyPane.h">
      <Filter>Pane</Filter>
    </ClInclude>
    <ClInclude Include="ItemPane.h">
      <Filter>Pane</Filter>
    </ClInclude>
    <ClInclude Include="ItemForm.h">
      <Filter>Form</Filter>
    </ClInclude>
  </ItemGroup>
  <ItemGroup>
    <ClCompile Include="huit.cpp">
      <Filter>소스 파일</Filter>
    </ClCompile>
    <ClCompile Include="MainFrm.cpp">
      <Filter>소스 파일</Filter>
    </ClCompile>
    <ClCompile Include="huitDoc.cpp">
      <Filter>소스 파일</Filter>
    </ClCompile>
    <ClCompile Include="huitView.cpp">
      <Filter>소스 파일</Filter>
    </ClCompile>
    <ClCompile Include="stdafx.cpp">
      <Filter>Default</Filter>
    </ClCompile>
    <ClCompile Include="Sample.cpp">
      <Filter>Sample</Filter>
    </ClCompile>
    <ClCompile Include="CreatePane.cpp">
      <Filter>Pane</Filter>
    </ClCompile>
    <ClCompile Include="CreateForm.cpp">
      <Filter>Form</Filter>
    </ClCompile>
    <ClCompile Include="InfoPane.cpp">
      <Filter>Pane</Filter>
    </ClCompile>
    <ClCompile Include="InfoForm.cpp">
      <Filter>Form</Filter>
    </ClCompile>
    <ClCompile Include="ParticlePane.cpp">
      <Filter>Pane</Filter>
    </ClCompile>
    <ClCompile Include="ParticleForm.cpp">
      <Filter>Form</Filter>
    </ClCompile>
    <ClCompile Include="HierarchyForm.cpp">
      <Filter>Form</Filter>
    </ClCompile>
    <ClCompile Include="HierarchyPane.cpp">
      <Filter>Pane</Filter>
    </ClCompile>
    <ClCompile Include="ItemPane.cpp">
      <Filter>Pane</Filter>
    </ClCompile>
    <ClCompile Include="ItemForm.cpp">
      <Filter>Form</Filter>
    </ClCompile>
  </ItemGroup>
  <ItemGroup>
    <ResourceCompile Include="huit.rc">
      <Filter>리소스 파일</Filter>
    </ResourceCompile>
  </ItemGroup>
  <ItemGroup>
    <Image Include="res\userimages.bmp">
      <Filter>리소스 파일</Filter>
    </Image>
    <Image Include="res\huitDoc.ico">
      <Filter>리소스 파일</Filter>
    </Image>
    <Image Include="res\huit.ico">
      <Filter>리소스 파일</Filter>
    </Image>
    <Image Include="res\Toolbar.bmp">
      <Filter>리소스 파일</Filter>
    </Image>
    <Image Include="res\Toolbar256.bmp">
      <Filter>리소스 파일</Filter>
    </Image>
  </ItemGroup>
  <ItemGroup>
    <None Include="res\huit.rc2">
      <Filter>리소스 파일</Filter>
    </None>
  </ItemGroup>
</Project>