
Microsoft Visual Studio Solution File, Format Version 12.00
# Visual Studio 15
VisualStudioVersion = 15.0.26730.16
MinimumVisualStudioVersion = 10.0.40219.1
Project("{8BC9CEB8-8B4A-11D0-8D11-00A0C91BC942}") = "UIToolLib", "src\UIToolLib\UIToolLib.vcxproj", "{167CF90B-8D88-49A2-BA93-25DAED802832}"
EndProject
Project("{8BC9CEB8-8B4A-11D0-8D11-00A0C91BC942}") = "huit", "src\huit\huit.vcxproj", "{42254FA6-69FE-4F76-B9BC-E4DF570BE683}"
EndProject
Global
	GlobalSection(SolutionConfigurationPlatforms) = preSolution
		Debug|x64 = Debug|x64
		Debug|x86 = Debug|x86
		Release|x64 = Release|x64
		Release|x86 = Release|x86
	EndGlobalSection
	GlobalSection(ProjectConfigurationPlatforms) = postSolution
		{167CF90B-8D88-49A2-BA93-25DAED802832}.Debug|x64.ActiveCfg = Debug|x64
		{167CF90B-8D88-49A2-BA93-25DAED802832}.Debug|x64.Build.0 = Debug|x64
		{167CF90B-8D88-49A2-BA93-25DAED802832}.Debug|x86.ActiveCfg = Debug|Win32
		{167CF90B-8D88-49A2-BA93-25DAED802832}.Debug|x86.Build.0 = Debug|Win32
		{167CF90B-8D88-49A2-BA93-25DAED802832}.Release|x64.ActiveCfg = Release|x64
		{167CF90B-8D88-49A2-BA93-25DAED802832}.Release|x64.Build.0 = Release|x64
		{167CF90B-8D88-49A2-BA93-25DAED802832}.Release|x86.ActiveCfg = Release|Win32
		{167CF90B-8D88-49A2-BA93-25DAED802832}.Release|x86.Build.0 = Release|Win32
		{42254FA6-69FE-4F76-B9BC-E4DF570BE683}.Debug|x64.ActiveCfg = Debug|x64
		{42254FA6-69FE-4F76-B9BC-E4DF570BE683}.Debug|x64.Build.0 = Debug|x64
		{42254FA6-69FE-4F76-B9BC-E4DF570BE683}.Debug|x86.ActiveCfg = Debug|Win32
		{42254FA6-69FE-4F76-B9BC-E4DF570BE683}.Debug|x86.Build.0 = Debug|Win32
		{42254FA6-69FE-4F76-B9BC-E4DF570BE683}.Release|x64.ActiveCfg = Release|x64
		{42254FA6-69FE-4F76-B9BC-E4DF570BE683}.Release|x64.Build.0 = Release|x64
		{42254FA6-69FE-4F76-B9BC-E4DF570BE683}.Release|x86.ActiveCfg = Release|Win32
		{42254FA6-69FE-4F76-B9BC-E4DF570BE683}.Release|x86.Build.0 = Release|Win32
	EndGlobalSection
	GlobalSection(SolutionProperties) = preSolution
		HideSolutionNode = FALSE
	EndGlobalSection
	GlobalSection(ExtensibilityGlobals) = postSolution
		VisualSVNWorkingCopyRoot = .
		SolutionGuid = {FF386A23-A0AA-42E7-9609-178D3FB9C0A3}
	EndGlobalSection
EndGlobal
